
Microsoft Visual Studio Solution File, Format Version 12.00
# Visual Studio Version 17
VisualStudioVersion = 17.4.33213.308
MinimumVisualStudioVersion = 10.0.40219.1
Project("{FAE04EC0-301F-11D3-BF4B-00C04F79EFBC}") = "SharpMap_Test", "SharpMap_Test\SharpMap_Test.csproj", "{8BB1BA66-782D-4999-A1E4-DFC01245BEA7}"
EndProject
Global
	GlobalSection(SolutionConfigurationPlatforms) = preSolution
		Debug|Any CPU = Debug|Any CPU
		Release|Any CPU = Release|Any CPU
	EndGlobalSection
	GlobalSection(ProjectConfigurationPlatforms) = postSolution
		{8BB1BA66-782D-4999-A1E4-DFC01245BEA7}.Debug|Any CPU.ActiveCfg = Debug|Any CPU
		{8BB1BA66-782D-4999-A1E4-DFC01245BEA7}.Debug|Any CPU.Build.0 = Debug|Any CPU
		{8BB1BA66-782D-4999-A1E4-DFC01245BEA7}.Release|Any CPU.ActiveCfg = Release|Any CPU
		{8BB1BA66-782D-4999-A1E4-DFC01245BEA7}.Release|Any CPU.Build.0 = Release|Any CPU
	EndGlobalSection
	GlobalSection(SolutionProperties) = preSolution
		HideSolutionNode = FALSE
	EndGlobalSection
	GlobalSection(ExtensibilityGlobals) = postSolution
		SolutionGuid = {75BA1D14-F89B-4D7F-A250-F8FFF7730614}
	EndGlobalSection
EndGlobal
